
Microsoft Visual Studio Solution File, Format Version 12.00
# Visual Studio 15
VisualStudioVersion = 15.0.28307.960
MinimumVisualStudioVersion = 10.0.40219.1
Project("{FAE04EC0-301F-11D3-BF4B-00C04F79EFBC}") = "BlocklyAtsGui", "BlocklyAtsGui\BlocklyAtsGui.csproj", "{77703C7D-A2A3-4426-956D-D0B20F69D735}"
EndProject
Global
	GlobalSection(SolutionConfigurationPlatforms) = preSolution
		Debug|Any CPU = Debug|Any CPU
		Release|Any CPU = Release|Any CPU
	EndGlobalSection
	GlobalSection(ProjectConfigurationPlatforms) = postSolution
		{77703C7D-A2A3-4426-956D-D0B20F69D735}.Debug|Any CPU.ActiveCfg = Debug|Any CPU
		{77703C7D-A2A3-4426-956D-D0B20F69D735}.Debug|Any CPU.Build.0 = Debug|Any CPU
		{77703C7D-A2A3-4426-956D-D0B20F69D735}.Release|Any CPU.ActiveCfg = Release|Any CPU
		{77703C7D-A2A3-4426-956D-D0B20F69D735}.Release|Any CPU.Build.0 = Release|Any CPU
	EndGlobalSection
	GlobalSection(SolutionProperties) = preSolution
		HideSolutionNode = FALSE
	EndGlobalSection
	GlobalSection(ExtensibilityGlobals) = postSolution
		SolutionGuid = {54226ECE-88AE-4408-AB3C-1060E60EE8D7}
	EndGlobalSection
EndGlobal
