
Microsoft Visual Studio Solution File, Format Version 12.00
# Visual Studio 15
VisualStudioVersion = 15.0.28307.960
MinimumVisualStudioVersion = 10.0.40219.1
Project("{FAE04EC0-301F-11D3-BF4B-00C04F79EFBC}") = "BlocklyAtsGui", "BlocklyAtsGui\BlocklyAtsGui.csproj", "{77703C7D-A2A3-4426-956D-D0B20F69D735}"
EndProject
Project("{FAE04EC0-301F-11D3-BF4B-00C04F79EFBC}") = "BatsUnmanaged", "BatsUnmanaged\BatsUnmanaged.csproj", "{2AABD893-9059-4558-95CE-26EC2F921D6A}"
EndProject
Global
	GlobalSection(SolutionConfigurationPlatforms) = preSolution
		Debug|Any CPU = Debug|Any CPU
		Debug|x64 = Debug|x64
		Debug|x86 = Debug|x86
		Release|Any CPU = Release|Any CPU
		Release|x64 = Release|x64
		Release|x86 = Release|x86
	EndGlobalSection
	GlobalSection(ProjectConfigurationPlatforms) = postSolution
		{77703C7D-A2A3-4426-956D-D0B20F69D735}.Debug|Any CPU.ActiveCfg = Debug|Any CPU
		{77703C7D-A2A3-4426-956D-D0B20F69D735}.Debug|Any CPU.Build.0 = Debug|Any CPU
		{77703C7D-A2A3-4426-956D-D0B20F69D735}.Debug|x64.ActiveCfg = Debug|Any CPU
		{77703C7D-A2A3-4426-956D-D0B20F69D735}.Debug|x86.ActiveCfg = Debug|Any CPU
		{77703C7D-A2A3-4426-956D-D0B20F69D735}.Release|Any CPU.ActiveCfg = Release|Any CPU
		{77703C7D-A2A3-4426-956D-D0B20F69D735}.Release|Any CPU.Build.0 = Release|Any CPU
		{77703C7D-A2A3-4426-956D-D0B20F69D735}.Release|x64.ActiveCfg = Release|Any CPU
		{77703C7D-A2A3-4426-956D-D0B20F69D735}.Release|x64.Build.0 = Release|Any CPU
		{77703C7D-A2A3-4426-956D-D0B20F69D735}.Release|x86.ActiveCfg = Release|x86
		{77703C7D-A2A3-4426-956D-D0B20F69D735}.Release|x86.Build.0 = Release|x86
		{2AABD893-9059-4558-95CE-26EC2F921D6A}.Debug|Any CPU.ActiveCfg = Debug|Any CPU
		{2AABD893-9059-4558-95CE-26EC2F921D6A}.Debug|Any CPU.Build.0 = Debug|Any CPU
		{2AABD893-9059-4558-95CE-26EC2F921D6A}.Debug|x64.ActiveCfg = Debug|Any CPU
		{2AABD893-9059-4558-95CE-26EC2F921D6A}.Debug|x64.Build.0 = Debug|Any CPU
		{2AABD893-9059-4558-95CE-26EC2F921D6A}.Debug|x86.ActiveCfg = Debug|Any CPU
		{2AABD893-9059-4558-95CE-26EC2F921D6A}.Debug|x86.Build.0 = Debug|Any CPU
		{2AABD893-9059-4558-95CE-26EC2F921D6A}.Release|Any CPU.ActiveCfg = Release|Any CPU
		{2AABD893-9059-4558-95CE-26EC2F921D6A}.Release|Any CPU.Build.0 = Release|Any CPU
		{2AABD893-9059-4558-95CE-26EC2F921D6A}.Release|x64.ActiveCfg = Release|Any CPU
		{2AABD893-9059-4558-95CE-26EC2F921D6A}.Release|x64.Build.0 = Release|Any CPU
		{2AABD893-9059-4558-95CE-26EC2F921D6A}.Release|x86.ActiveCfg = Release|Any CPU
		{2AABD893-9059-4558-95CE-26EC2F921D6A}.Release|x86.Build.0 = Release|Any CPU
	EndGlobalSection
	GlobalSection(SolutionProperties) = preSolution
		HideSolutionNode = FALSE
	EndGlobalSection
	GlobalSection(ExtensibilityGlobals) = postSolution
		SolutionGuid = {54226ECE-88AE-4408-AB3C-1060E60EE8D7}
	EndGlobalSection
EndGlobal
